PODS:
  - Alamofire (5.4.2)
  - AlamofireImage (4.2.0):
    - Alamofire (~> 5.4)
  - Commons (0.1.0)
  - DetalhesMoedas (0.1.0)
  - SwiftLint (0.43.1)

DEPENDENCIES:
  - Alamofire
  - AlamofireImage
  - Commons (from `https://github.com/leojportes/Commons.git`, branch `develop`)
  - DetalhesMoedas (from `https://github.com/CristianeUliana/DetalhesMoedas.git`)
  - SwiftLint

SPEC REPOS:
  https://github.com/cocoapods/specs.git:
    - Alamofire
    - AlamofireImage
    - SwiftLint

EXTERNAL SOURCES:
  Commons:
    :branch: develop
    :git: https://github.com/leojportes/Commons.git
  DetalhesMoedas:
    :git: https://github.com/CristianeUliana/DetalhesMoedas.git

CHECKOUT OPTIONS:
  Commons:
    :commit: 5d960cc72c507d01ce8f22e4263ecf913f30b1e0
    :git: https://github.com/leojportes/Commons.git
  DetalhesMoedas:
    :commit: 166c4df378f94f7f66e6aa2e856560fc7e374909
    :git: https://github.com/CristianeUliana/DetalhesMoedas.git

SPEC CHECKSUMS:
  Alamofire: bfbc4c2fe5909b1d94fb4ef2277c6b3727ef5dae
  AlamofireImage: 34a2d90b0e5fe6a5605f85ae4b7b01e784c60192
  Commons: 5909d5dc693d7ebf877141e4650929951faa0d02
  DetalhesMoedas: 145cd938ff6918c8345eb18f63b8b38438b370bb
  SwiftLint: 99f82d07b837b942dd563c668de129a03fc3fb52

PODFILE CHECKSUM: a48070ce809c818808851b2694041341d1a9cb73

COCOAPODS: 1.5.2
